
Microsoft Visual Studio Solution File, Format Version 12.00
# Visual Studio 2012
Project("{FAE04EC0-301F-11D3-BF4B-00C04F79EFBC}") = "WCFAngular", "WCFAngular.csproj", "{DECAEAA7-BEE2-43B2-9ABD-6DE0FA29E7EE}"
EndProject
Global
	GlobalSection(SolutionConfigurationPlatforms) = preSolution
		Debug|Any CPU = Debug|Any CPU
		Release|Any CPU = Release|Any CPU
	EndGlobalSection
	GlobalSection(ProjectConfigurationPlatforms) = postSolution
		{DECAEAA7-BEE2-43B2-9ABD-6DE0FA29E7EE}.Debug|Any CPU.ActiveCfg = Debug|Any CPU
		{DECAEAA7-BEE2-43B2-9ABD-6DE0FA29E7EE}.Debug|Any CPU.Build.0 = Debug|Any CPU
		{DECAEAA7-BEE2-43B2-9ABD-6DE0FA29E7EE}.Release|Any CPU.ActiveCfg = Release|Any CPU
		{DECAEAA7-BEE2-43B2-9ABD-6DE0FA29E7EE}.Release|Any CPU.Build.0 = Release|Any CPU
	EndGlobalSection
	GlobalSection(SolutionProperties) = preSolution
		HideSolutionNode = FALSE
	EndGlobalSection
EndGlobal
